
Microsoft Visual Studio Solution File, Format Version 12.00
# Visual Studio 15
VisualStudioVersion = 15.0.27703.2026
MinimumVisualStudioVersion = 10.0.40219.1
Project("{FAE04EC0-301F-11D3-BF4B-00C04F79EFBC}") = "OOPSReview", "OOPSReview\OOPSReview.csproj", "{B908B550-A3F4-4E00-B0DF-E53BA7ACE7CC}"
EndProject
Global
	GlobalSection(SolutionConfigurationPlatforms) = preSolution
		Debug|Any CPU = Debug|Any CPU
		Release|Any CPU = Release|Any CPU
	EndGlobalSection
	GlobalSection(ProjectConfigurationPlatforms) = postSolution
		{B908B550-A3F4-4E00-B0DF-E53BA7ACE7CC}.Debug|Any CPU.ActiveCfg = Debug|Any CPU
		{B908B550-A3F4-4E00-B0DF-E53BA7ACE7CC}.Debug|Any CPU.Build.0 = Debug|Any CPU
		{B908B550-A3F4-4E00-B0DF-E53BA7ACE7CC}.Release|Any CPU.ActiveCfg = Release|Any CPU
		{B908B550-A3F4-4E00-B0DF-E53BA7ACE7CC}.Release|Any CPU.Build.0 = Release|Any CPU
	EndGlobalSection
	GlobalSection(SolutionProperties) = preSolution
		HideSolutionNode = FALSE
	EndGlobalSection
	GlobalSection(ExtensibilityGlobals) = postSolution
		SolutionGuid = {05A85E43-8D7C-4D8C-A2A6-0DAF5E50DF4C}
	EndGlobalSection
EndGlobal
