
Microsoft Visual Studio Solution File, Format Version 12.00
# Visual Studio 15
VisualStudioVersion = 15.0.27703.2026
MinimumVisualStudioVersion = 10.0.40219.1
Project("{FAE04EC0-301F-11D3-BF4B-00C04F79EFBC}") = "WebApp", "WebApp\WebApp.csproj", "{B5B934AA-713C-4067-A800-4B3AD162081F}"
EndProject
Project("{FAE04EC0-301F-11D3-BF4B-00C04F79EFBC}") = "NorthwindSystem", "NorthwindSystem\NorthwindSystem.csproj", "{E9C75399-2E10-4248-BBCE-EEDBD5BD886C}"
EndProject
Project("{FAE04EC0-301F-11D3-BF4B-00C04F79EFBC}") = "Northwind.Data", "Northwind.Data\Northwind.Data.csproj", "{C1BCA64C-935F-4BD6-950F-B21A2A3A3428}"
EndProject
Global
	GlobalSection(SolutionConfigurationPlatforms) = preSolution
		Debug|Any CPU = Debug|Any CPU
		Release|Any CPU = Release|Any CPU
	EndGlobalSection
	GlobalSection(ProjectConfigurationPlatforms) = postSolution
		{B5B934AA-713C-4067-A800-4B3AD162081F}.Debug|Any CPU.ActiveCfg = Debug|Any CPU
		{B5B934AA-713C-4067-A800-4B3AD162081F}.Debug|Any CPU.Build.0 = Debug|Any CPU
		{B5B934AA-713C-4067-A800-4B3AD162081F}.Release|Any CPU.ActiveCfg = Release|Any CPU
		{B5B934AA-713C-4067-A800-4B3AD162081F}.Release|Any CPU.Build.0 = Release|Any CPU
		{E9C75399-2E10-4248-BBCE-EEDBD5BD886C}.Debug|Any CPU.ActiveCfg = Debug|Any CPU
		{E9C75399-2E10-4248-BBCE-EEDBD5BD886C}.Debug|Any CPU.Build.0 = Debug|Any CPU
		{E9C75399-2E10-4248-BBCE-EEDBD5BD886C}.Release|Any CPU.ActiveCfg = Release|Any CPU
		{E9C75399-2E10-4248-BBCE-EEDBD5BD886C}.Release|Any CPU.Build.0 = Release|Any CPU
		{C1BCA64C-935F-4BD6-950F-B21A2A3A3428}.Debug|Any CPU.ActiveCfg = Debug|Any CPU
		{C1BCA64C-935F-4BD6-950F-B21A2A3A3428}.Debug|Any CPU.Build.0 = Debug|Any CPU
		{C1BCA64C-935F-4BD6-950F-B21A2A3A3428}.Release|Any CPU.ActiveCfg = Release|Any CPU
		{C1BCA64C-935F-4BD6-950F-B21A2A3A3428}.Release|Any CPU.Build.0 = Release|Any CPU
	EndGlobalSection
	GlobalSection(SolutionProperties) = preSolution
		HideSolutionNode = FALSE
	EndGlobalSection
	GlobalSection(ExtensibilityGlobals) = postSolution
		SolutionGuid = {C71AFAFB-7A4E-4700-B363-742FA81B4130}
	EndGlobalSection
EndGlobal
